
Microsoft Visual Studio Solution File, Format Version 11.00
# Visual Studio 2010
Project("{FAE04EC0-301F-11D3-BF4B-00C04F79EFBC}") = "Assembly-CSharp", "Assembly-CSharp.csproj", "{B3BFE808-5FE5-8F45-8BAD-7FE2ADCB3FB3}"
EndProject
Project("{FAE04EC0-301F-11D3-BF4B-00C04F79EFBC}") = "Assembly-CSharp-Editor-firstpass", "Assembly-CSharp-Editor-firstpass.csproj", "{AD4452AE-333D-CB21-C310-79E065744543}"
EndProject
Global
	GlobalSection(SolutionConfigurationPlatforms) = preSolution
		Debug|Any CPU = Debug|Any CPU
		Release|Any CPU = Release|Any CPU
	EndGlobalSection
	GlobalSection(ProjectConfigurationPlatforms) = postSolution
		{B3BFE808-5FE5-8F45-8BAD-7FE2ADCB3FB3}.Debug|Any CPU.ActiveCfg = Debug|Any CPU
		{B3BFE808-5FE5-8F45-8BAD-7FE2ADCB3FB3}.Debug|Any CPU.Build.0 = Debug|Any CPU
		{B3BFE808-5FE5-8F45-8BAD-7FE2ADCB3FB3}.Release|Any CPU.ActiveCfg = Release|Any CPU
		{B3BFE808-5FE5-8F45-8BAD-7FE2ADCB3FB3}.Release|Any CPU.Build.0 = Release|Any CPU
		{AD4452AE-333D-CB21-C310-79E065744543}.Debug|Any CPU.ActiveCfg = Debug|Any CPU
		{AD4452AE-333D-CB21-C310-79E065744543}.Debug|Any CPU.Build.0 = Debug|Any CPU
		{AD4452AE-333D-CB21-C310-79E065744543}.Release|Any CPU.ActiveCfg = Release|Any CPU
		{AD4452AE-333D-CB21-C310-79E065744543}.Release|Any CPU.Build.0 = Release|Any CPU
	EndGlobalSection
	GlobalSection(SolutionProperties) = preSolution
		HideSolutionNode = FALSE
	EndGlobalSection
	GlobalSection(MonoDevelopProperties) = preSolution
		StartupItem = Assembly-CSharp.csproj
	EndGlobalSection
EndGlobal
